
Microsoft Visual Studio Solution File, Format Version 12.00
# Visual Studio Version 17
VisualStudioVersion = 17.3.32929.385
MinimumVisualStudioVersion = 10.0.40219.1
Project("{FAE04EC0-301F-11D3-BF4B-00C04F79EFBC}") = "BigSchool", "BigSchool\BigSchool.csproj", "{A255C4FE-0C33-44EF-BD47-E6D9E35DDB67}"
EndProject
Global
	GlobalSection(SolutionConfigurationPlatforms) = preSolution
		Debug|Any CPU = Debug|Any CPU
		Release|Any CPU = Release|Any CPU
	EndGlobalSection
	GlobalSection(ProjectConfigurationPlatforms) = postSolution
		{A255C4FE-0C33-44EF-BD47-E6D9E35DDB67}.Debug|Any CPU.ActiveCfg = Debug|Any CPU
		{A255C4FE-0C33-44EF-BD47-E6D9E35DDB67}.Debug|Any CPU.Build.0 = Debug|Any CPU
		{A255C4FE-0C33-44EF-BD47-E6D9E35DDB67}.Release|Any CPU.ActiveCfg = Release|Any CPU
		{A255C4FE-0C33-44EF-BD47-E6D9E35DDB67}.Release|Any CPU.Build.0 = Release|Any CPU
	EndGlobalSection
	GlobalSection(SolutionProperties) = preSolution
		HideSolutionNode = FALSE
	EndGlobalSection
	GlobalSection(ExtensibilityGlobals) = postSolution
		SolutionGuid = {4BF04D3D-5933-429F-B2B6-1D52C501FEB8}
	EndGlobalSection
EndGlobal
